# This file is automatically @generated by Poetry and should not be changed by hand.

[[package]]
name = "more-itertools"
version = "8.14.0"
description = "More routines for operating on iterables, beyond itertools"
category = "main"
optional = false
python-versions = ">=3.5"
files = [
    {file = "more-itertools-8.14.0.tar.gz", hash = "sha256:c09443cd3d5438b8dafccd867a6bc1cb0894389e90cb53d227456b0b0bccb750"},
    {file = "more_itertools-8.14.0-py3-none-any.whl", hash = "sha256:1bc4f91ee5b1b31ac7ceacc17c09befe6a40a503907baf9c839c229b5095cfd2"},
]

[[package]]
name = "sfdata-stream-parser"
version = "0.4.1"
description = "Loosely inspired by the Streaming API for XML (StAX), this library provides a Python iterator interface for working with tabular documents."
category = "main"
optional = false
python-versions = ">=3.7,<4.0"
files = [
    {file = "sfdata-stream-parser-0.4.1.tar.gz", hash = "sha256:321a119279c6b4814efecef498654905b8e3ad7b9d3eca49ceaa30341137c31b"},
    {file = "sfdata_stream_parser-0.4.1-py3-none-any.whl", hash = "sha256:807bb8392341a3906e69d6d9acb5b76c64a805721fb38b1cd2379a6d46b7f49c"},
]

[package.dependencies]
more-itertools = ">=8.12.0,<9.0.0"

[package.extras]
openpyxl = ["openpyxl (>=3.0.9,<4.0.0)"]

[metadata]
lock-version = "2.0"
python-versions = "^3.10"
content-hash = "36a5f6a8563416e1e67e57e1619cabb323393b0704fcb1056c07cc008ba90861"
